// !$*UTF8*$!
{
	archiveVersion = 1;
	classes = {
	};
	objectVersion = 46;
	objects = {

/* Begin PBXBuildFile section */
		64748E301C339A45004FE168 /* AppDelegate.swift in Sources */ = {isa = PBXBuildFile; fileRef = 64748E2F1C339A45004FE168 /* AppDelegate.swift */; };
		64748E321C339A45004FE168 /* ViewController.swift in Sources */ = {isa = PBXBuildFile; fileRef = 64748E311C339A45004FE168 /* ViewController.swift */; };
		64748E351C339A45004FE168 /* Main.storyboard in Resources */ = {isa = PBXBuildFile; fileRef = 64748E331C339A45004FE168 /* Main.storyboard */; };
		64748E371C339A45004FE168 /* Assets.xcassets in Resources */ = {isa = PBXBuildFile; fileRef = 64748E361C339A45004FE168 /* Assets.xcassets */; };
		64748E3A1C339A45004FE168 /* LaunchScreen.storyboard in Resources */ = {isa = PBXBuildFile; fileRef = 64748E381C339A45004FE168 /* LaunchScreen.storyboard */; };
/* End PBXBuildFile section */

/* Begin PBXFileReference section */
		64748E2C1C339A45004FE168 /* TapperExtreme.app */ = {isa = PBXFileReference; explicitFileType = wrapper.application; includeInIndex = 0; path = TapperExtreme.app; sourceTree = BUILT_PRODUCTS_DIR; };
		64748E2F1C339A45004FE168 /* AppDelegate.swift */ = {isa = PBXFileReference; lastKnownFileType = sourcecode.swift; path = AppDelegate.swift; sourceTree = "<group>"; };
		64748E311C339A45004FE168 /* ViewController.swift */ = {isa = PBXFileReference; lastKnownFileType = sourcecode.swift; path = ViewController.swift; sourceTree = "<group>"; };
		64748E341C339A45004FE168 /* Base */ = {isa = PBXFileReference; lastKnownFileType = file.storyboard; name = Base; path = Base.lproj/Main.storyboard; sourceTree = "<group>"; };
		64748E361C339A45004FE168 /* Assets.xcassets */ = {isa = PBXFileReference; lastKnownFileType = folder.assetcatalog; path = Assets.xcassets; sourceTree = "<group>"; };
		64748E391C339A45004FE168 /* Base */ = {isa = PBXFileReference; lastKnownFileType = file.storyboard; name = Base; path = Base.lproj/LaunchScreen.storyboard; sourceTree = "<group>"; };
		64748E3B1C339A45004FE168 /* Info.plist */ = {isa = PBXFileReference; lastKnownFileType = text.plist.xml; path = Info.plist; sourceTree = "<group>"; };
/* End PBXFileReference section */

/* Begin PBXFrameworksBuildPhase section */
		64748E291C339A45004FE168 /* Frameworks */ = {
			isa = PBXFrameworksBuildPhase;
			buildActionMask = 2147483647;
			files = (
			);
			runOnlyForDeploymentPostprocessing = 0;
		};
/* End PBXFrameworksBuildPhase section */

/* Begin PBXGroup section */
		64748E231C339A45004FE168 = {
			isa = PBXGroup;
			children = (
				64748E2E1C339A45004FE168 /* TapperExtreme */,
				64748E2D1C339A45004FE168 /* Products */,
			);
			sourceTree = "<group>";
		};
		64748E2D1C339A45004FE168 /* Products */ = {
			isa = PBXGroup;
			children = (
				64748E2C1C339A45004FE168 /* TapperExtreme.app */,
			);
			name = Products;
			sourceTree = "<group>";
		};
		64748E2E1C339A45004FE168 /* TapperExtreme */ = {
			isa = PBXGroup;
			children = (
				64748E2F1C339A45004FE168 /* AppDelegate.swift */,
				64748E311C339A45004FE168 /* ViewController.swift */,
				64748E331C339A45004FE168 /* Main.storyboard */,
				64748E361C339A45004FE168 /* Assets.xcassets */,
				64748E381C339A45004FE168 /* LaunchScreen.storyboard */,
				64748E3B1C339A45004FE168 /* Info.plist */,
			);
			path = TapperExtreme;
			sourceTree = "<group>";
		};
/* End PBXGroup section */

/* Begin PBXNativeTarget section */
		64748E2B1C339A45004FE168 /* TapperExtreme */ = {
			isa = PBXNativeTarget;
			buildConfigurationList = 64748E3E1C339A45004FE168 /* Build configuration list for PBXNativeTarget "TapperExtreme" */;
			buildPhases = (
				64748E281C339A45004FE168 /* Sources */,
				64748E291C339A45004FE168 /* Frameworks */,
				64748E2A1C339A45004FE168 /* Resources */,
			);
			buildRules = (
			);
			dependencies = (
			);
			name = TapperExtreme;
			productName = TapperExtreme;
			productReference = 64748E2C1C339A45004FE168 /* TapperExtreme.app */;
			productType = "com.apple.product-type.application";
		};
/* End PBXNativeTarget section */

/* Begin PBXProject section */
		64748E241C339A45004FE168 /* Project object */ = {
			isa = PBXProject;
			attributes = {
				LastSwiftUpdateCheck = 0720;
				LastUpgradeCheck = 0720;
				ORGANIZATIONNAME = "Timothy M. Lott";
				TargetAttributes = {
					64748E2B1C339A45004FE168 = {
						CreatedOnToolsVersion = 7.2;
					};
				};
			};
			buildConfigurationList = 64748E271C339A45004FE168 /* Build configuration list for PBXProject "TapperExtreme" */;
			compatibilityVersion = "Xcode 3.2";
			developmentRegion = English;
			hasScannedForEncodings = 0;
			knownRegions = (
				en,
				Base,
			);
			mainGroup = 64748E231C339A45004FE168;
			productRefGroup = 64748E2D1C339A45004FE168 /* Products */;
			projectDirPath = "";
			projectRoot = "";
			targets = (
				64748E2B1C339A45004FE168 /* TapperExtreme */,
			);
		};
/* End PBXProject section */

/* Begin PBXResourcesBuildPhase section */
		64748E2A1C339A45004FE168 /* Resources */ = {
			isa = PBXResourcesBuildPhase;
			buildActionMask = 2147483647;
			files = (
				64748E3A1C339A45004FE168 /* LaunchScreen.storyboard in Resources */,
				64748E371C339A45004FE168 /* Assets.xcassets in Resources */,
				64748E351C339A45004FE168 /* Main.storyboard in Resources */,
			);
			runOnlyForDeploymentPostprocessing = 0;
		};
/* End PBXResourcesBuildPhase section */

/* Begin PBXSourcesBuildPhase section */
		64748E281C339A45004FE168 /* Sources */ = {
			isa = PBXSourcesBuildPhase;
			buildActionMask = 2147483647;
			files = (
				64748E321C339A45004FE168 /* ViewController.swift in Sources */,
				64748E301C339A45004FE168 /* AppDelegate.swift in Sources */,
			);
			runOnlyForDeploymentPostprocessing = 0;
		};
/* End PBXSourcesBuildPhase section */

/* Begin PBXVariantGroup section */
		64748E331C339A45004FE168 /* Main.storyboard */ = {
			isa = PBXVariantGroup;
			children = (
				64748E341C339A45004FE168 /* Base */,
			);
			name = Main.storyboard;
			sourceTree = "<group>";
		};
		64748E381C339A45004FE168 /* LaunchScreen.storyboard */ = {
			isa = PBXVariantGroup;
			children = (
				64748E391C339A45004FE168 /* Base */,
			);
			name = LaunchScreen.storyboard;
			sourceTree = "<group>";
		};
/* End PBXVariantGroup section */

/* Begin XCBuildConfiguration section */
		64748E3C1C339A45004FE168 /* Debug */ = {
			isa = XCBuildConfiguration;
			buildSettings = {
				ALWAYS_SEARCH_USER_PATHS = NO;
				CLANG_CXX_LANGUAGE_STANDARD = "gnu++0x";
				CLANG_CXX_LIBRARY = "libc++";
				CLANG_ENABLE_MODULES = YES;
				CLANG_ENABLE_OBJC_ARC = YES;
				CLANG_WARN_BOOL_CONVERSION = YES;
				CLANG_WARN_CONSTANT_CONVERSION = YES;
				CLANG_WARN_DIRECT_OBJC_ISA_USAGE = YES_ERROR;
				CLANG_WARN_EMPTY_BODY = YES;
				CLANG_WARN_ENUM_CONVERSION = YES;
				CLANG_WARN_INT_CONVERSION = YES;
				CLANG_WARN_OBJC_ROOT_CLASS = YES_ERROR;
				CLANG_WARN_UNREACHABLE_CODE = YES;
				CLANG_WARN__DUPLICATE_METHOD_MATCH = YES;
				"CODE_SIGN_IDENTITY[sdk=iphoneos*]" = "iPhone Developer";
				COPY_PHASE_STRIP = NO;
				DEBUG_INFORMATION_FORMAT = dwarf;
				ENABLE_STRICT_OBJC_MSGSEND = YES;
				ENABLE_TESTABILITY = YES;
				GCC_C_LANGUAGE_STANDARD = gnu99;
				GCC_DYNAMIC_NO_PIC = NO;
				GCC_NO_COMMON_BLOCKS = YES;
				GCC_OPTIMIZATION_LEVEL = 0;
				GCC_PREPROCESSOR_DEFINITIONS = (
					"DEBUG=1",
					"$(inherited)",
				);
				GCC_WARN_64_TO_32_BIT_CONVERSION = YES;
				GCC_WARN_ABOUT_RETURN_TYPE = YES_ERROR;
				GCC_WARN_UNDECLARED_SELECTOR = YES;
				GCC_WARN_UNINITIALIZED_AUTOS = YES_AGGRESSIVE;
				GCC_WARN_UNUSED_FUNCTION = YES;
				GCC_WARN_UNUSED_VARIABLE = YES;
				IPHONEOS_DEPLOYMENT_TARGET = 9.2;
				MTL_ENABLE_DEBUG_INFO = YES;
				ONLY_ACTIVE_ARCH = YES;
				SDKROOT = iphoneos;
				SWIFT_OPTIMIZATION_LEVEL = "-Onone";
				TARGETED_DEVICE_FAMILY = "1,2";
			};
			name = Debug;
		};
		64748E3D1C339A45004FE168 /* Release */ = {
			isa = XCBuildConfiguration;
			buildSettings = {
				ALWAYS_SEARCH_USER_PATHS = NO;
				CLANG_CXX_LANGUAGE_STANDARD = "gnu++0x";
				CLANG_CXX_LIBRARY = "libc++";
				CLANG_ENABLE_MODULES = YES;
				CLANG_ENABLE_OBJC_ARC = YES;
				CLANG_WARN_BOOL_CONVERSION = YES;
				CLANG_WARN_CONSTANT_CONVERSION = YES;
				CLANG_WARN_DIRECT_OBJC_ISA_USAGE = YES_ERROR;
				CLANG_WARN_EMPTY_BODY = YES;
				CLANG_WARN_ENUM_CONVERSION = YES;
				CLANG_WARN_INT_CONVERSION = YES;
				CLANG_WARN_OBJC_ROOT_CLASS = YES_ERROR;
				CLANG_WARN_UNREACHABLE_CODE = YES;
				CLANG_WARN__DUPLICATE_METHOD_MATCH = YES;
				"CODE_SIGN_IDENTITY[sdk=iphoneos*]" = "iPhone Developer";
				COPY_PHASE_STRIP = NO;
				DEBUG_INFORMATION_FORMAT = "dwarf-with-dsym";
				ENABLE_NS_ASSERTIONS = NO;
				ENABLE_STRICT_OBJC_MSGSEND = YES;
				GCC_C_LANGUAGE_STANDARD = gnu99;
				GCC_NO_COMMON_BLOCKS = YES;
				GCC_WARN_64_TO_32_BIT_CONVERSION = YES;
				GCC_WARN_ABOUT_RETURN_TYPE = YES_ERROR;
				GCC_WARN_UNDECLARED_SELECTOR = YES;
				GCC_WARN_UNINITIALIZED_AUTOS = YES_AGGRESSIVE;
				GCC_WARN_UNUSED_FUNCTION = YES;
				GCC_WARN_UNUSED_VARIABLE = YES;
				IPHONEOS_DEPLOYMENT_TARGET = 9.2;
				MTL_ENABLE_DEBUG_INFO = NO;
				SDKROOT = iphoneos;
				TARGETED_DEVICE_FAMILY = "1,2";
				VALIDATE_PRODUCT = YES;
			};
			name = Release;
		};
		64748E3F1C339A45004FE168 /* Debug */ = {
			isa = XCBuildConfiguration;
			buildSettings = {
				ASSETCATALOG_COMPILER_APPICON_NAME = AppIcon;
				INFOPLIST_FILE = TapperExtreme/Info.plist;
				LD_RUNPATH_SEARCH_PATHS = "$(inherited) @executable_path/Frameworks";
				PRODUCT_BUNDLE_IDENTIFIER = org.search.TapperExtreme;
				PRODUCT_NAME = "$(TARGET_NAME)";
			};
			name = Debug;
		};
		64748E401C339A45004FE168 /* Release */ = {
			isa = XCBuildConfiguration;
			buildSettings = {
				ASSETCATALOG_COMPILER_APPICON_NAME = AppIcon;
				INFOPLIST_FILE = TapperExtreme/Info.plist;
				LD_RUNPATH_SEARCH_PATHS = "$(inherited) @executable_path/Frameworks";
				PRODUCT_BUNDLE_IDENTIFIER = org.search.TapperExtreme;
				PRODUCT_NAME = "$(TARGET_NAME)";
			};
			name = Release;
		};
/* End XCBuildConfiguration section */

/* Begin XCConfigurationList section */
		64748E271C339A45004FE168 /* Build configuration list for PBXProject "TapperExtreme" */ = {
			isa = XCConfigurationList;
			buildConfigurations = (
				64748E3C1C339A45004FE168 /* Debug */,
				64748E3D1C339A45004FE168 /* Release */,
			);
			defaultConfigurationIsVisible = 0;
			defaultConfigurationName = Release;
		};
		64748E3E1C339A45004FE168 /* Build configuration list for PBXNativeTarget "TapperExtreme" */ = {
			isa = XCConfigurationList;
			buildConfigurations = (
				64748E3F1C339A45004FE168 /* Debug */,
				64748E401C339A45004FE168 /* Release */,
			);
			defaultConfigurationIsVisible = 0;
		};
/* End XCConfigurationList section */
	};
	rootObject = 64748E241C339A45004FE168 /* Project object */;
}
